
Microsoft Visual Studio Solution File, Format Version 12.00
# Visual Studio Version 17
VisualStudioVersion = 17.10.35027.167
MinimumVisualStudioVersion = 10.0.40219.1
Project("{9A19103F-16F7-4668-BE54-9A1E7A4F7556}") = "SA_Online_Mart", "SA_Online_Mart.csproj", "{B0F6BFD9-5B07-45F0-91B7-353CED3513D8}"
EndProject
Global
	GlobalSection(SolutionConfigurationPlatforms) = preSolution
		Debug|Any CPU = Debug|Any CPU
		Release|Any CPU = Release|Any CPU
	EndGlobalSection
	GlobalSection(ProjectConfigurationPlatforms) = postSolution
		{B0F6BFD9-5B07-45F0-91B7-353CED3513D8}.Debug|Any CPU.ActiveCfg = Debug|Any CPU
		{B0F6BFD9-5B07-45F0-91B7-353CED3513D8}.Debug|Any CPU.Build.0 = Debug|Any CPU
		{B0F6BFD9-5B07-45F0-91B7-353CED3513D8}.Release|Any CPU.ActiveCfg = Release|Any CPU
		{B0F6BFD9-5B07-45F0-91B7-353CED3513D8}.Release|Any CPU.Build.0 = Release|Any CPU
	EndGlobalSection
	GlobalSection(SolutionProperties) = preSolution
		HideSolutionNode = FALSE
	EndGlobalSection
	GlobalSection(ExtensibilityGlobals) = postSolution
		SolutionGuid = {FC632729-F727-4455-AC38-A09D9A433715}
	EndGlobalSection
EndGlobal
